
Microsoft Visual Studio Solution File, Format Version 12.00
# Visual Studio Version 16
VisualStudioVersion = 16.0.29306.81
MinimumVisualStudioVersion = 10.0.40219.1
Project("{FAE04EC0-301F-11D3-BF4B-00C04F79EFBC}") = "Win_Calc", "Win_Calc\Win_Calc.csproj", "{EBAD4453-6048-4A3B-8E09-50D2F66A3094}"
EndProject
Global
	GlobalSection(SolutionConfigurationPlatforms) = preSolution
		Debug|Any CPU = Debug|Any CPU
		Release|Any CPU = Release|Any CPU
	EndGlobalSection
	GlobalSection(ProjectConfigurationPlatforms) = postSolution
		{EBAD4453-6048-4A3B-8E09-50D2F66A3094}.Debug|Any CPU.ActiveCfg = Debug|Any CPU
		{EBAD4453-6048-4A3B-8E09-50D2F66A3094}.Debug|Any CPU.Build.0 = Debug|Any CPU
		{EBAD4453-6048-4A3B-8E09-50D2F66A3094}.Release|Any CPU.ActiveCfg = Release|Any CPU
		{EBAD4453-6048-4A3B-8E09-50D2F66A3094}.Release|Any CPU.Build.0 = Release|Any CPU
	EndGlobalSection
	GlobalSection(SolutionProperties) = preSolution
		HideSolutionNode = FALSE
	EndGlobalSection
	GlobalSection(ExtensibilityGlobals) = postSolution
		SolutionGuid = {DDAF118A-C711-4B5A-BA8C-CCAE8888D0B5}
	EndGlobalSection
EndGlobal
